
Microsoft Visual Studio Solution File, Format Version 12.00
# Visual Studio Version 16
VisualStudioVersion = 16.0.30907.101
MinimumVisualStudioVersion = 10.0.40219.1
Project("{FAE04EC0-301F-11D3-BF4B-00C04F79EFBC}") = "SmoothMultilevelAccordion", "SmoothMultilevelAccordion\SmoothMultilevelAccordion.csproj", "{9295568B-81B9-4210-BEE9-EB25F411F9D8}"
EndProject
Global
	GlobalSection(SolutionConfigurationPlatforms) = preSolution
		Debug|Any CPU = Debug|Any CPU
		Release|Any CPU = Release|Any CPU
	EndGlobalSection
	GlobalSection(ProjectConfigurationPlatforms) = postSolution
		{9295568B-81B9-4210-BEE9-EB25F411F9D8}.Debug|Any CPU.ActiveCfg = Debug|Any CPU
		{9295568B-81B9-4210-BEE9-EB25F411F9D8}.Debug|Any CPU.Build.0 = Debug|Any CPU
		{9295568B-81B9-4210-BEE9-EB25F411F9D8}.Release|Any CPU.ActiveCfg = Release|Any CPU
		{9295568B-81B9-4210-BEE9-EB25F411F9D8}.Release|Any CPU.Build.0 = Release|Any CPU
	EndGlobalSection
	GlobalSection(SolutionProperties) = preSolution
		HideSolutionNode = FALSE
	EndGlobalSection
	GlobalSection(ExtensibilityGlobals) = postSolution
		SolutionGuid = {469B7D79-E896-4CC3-B27B-4C327B8EED0B}
	EndGlobalSection
EndGlobal
